
Microsoft Visual Studio Solution File, Format Version 12.00
# Visual Studio 15
VisualStudioVersion = 15.0.26730.12
MinimumVisualStudioVersion = 10.0.40219.1
Project("{9A19103F-16F7-4668-BE54-9A1E7A4F7556}") = "DartsApp.API", "DartsApp.API.csproj", "{3835FE56-E72B-41E8-9C62-66187F20A106}"
EndProject
Global
	GlobalSection(SolutionConfigurationPlatforms) = preSolution
		Debug|Any CPU = Debug|Any CPU
		Release|Any CPU = Release|Any CPU
	EndGlobalSection
	GlobalSection(ProjectConfigurationPlatforms) = postSolution
		{3835FE56-E72B-41E8-9C62-66187F20A106}.Debug|Any CPU.ActiveCfg = Debug|Any CPU
		{3835FE56-E72B-41E8-9C62-66187F20A106}.Debug|Any CPU.Build.0 = Debug|Any CPU
		{3835FE56-E72B-41E8-9C62-66187F20A106}.Release|Any CPU.ActiveCfg = Release|Any CPU
		{3835FE56-E72B-41E8-9C62-66187F20A106}.Release|Any CPU.Build.0 = Release|Any CPU
	EndGlobalSection
	GlobalSection(SolutionProperties) = preSolution
		HideSolutionNode = FALSE
	EndGlobalSection
	GlobalSection(ExtensibilityGlobals) = postSolution
		SolutionGuid = {3A7669BA-B4B1-4718-ABC8-6521498D49E6}
	EndGlobalSection
EndGlobal
